# This file was autogenerated by uv via the following command:
#    uv pip compile --universal --generate-hashes --only-binary=:all: --python-version 3.12 -o cu13-linux-py312.lock cu13-linux-py312.in
apache-tvm-ffi==0.1.13.post2 \
    --hash=sha256:0284905d97aa5f92a42de2ad61faa7e3c19679d1a0e47caaa3abbe368b0ba303 \
    --hash=sha256:057c431d56bfd172ed6795247cb25c144d0e49d8e4b03840055d85e7b662b0e9 \
    --hash=sha256:0873badc25ec37d0d5b9ad00d95d63476cf2ef95069ec3406ef8c39552aaf3b2 \
    --hash=sha256:0e77c79fe84f6221e58e5b820fffd7dc711c5636ff84b828f8977d821a0ef9d6 \
    --hash=sha256:1b604ca681a1381f96639cff53d94861e9e4949b52e6f3b3f3252aa28c5b0a60 \
    --hash=sha256:2587cf82d54d9e376ae9368b1ef3403f8e23c8270fa8819d46358ff5923754f1 \
    --hash=sha256:36e27c8c8b38ac061638896cc593e2328a2c04441c28ec51aa5cdf451279d5fd \
    --hash=sha256:38dfd42b3af5e23baf95aa5054eca3e23f183b09fa3394b56a5597317fa1fec4 \
    --hash=sha256:41db1e7b7db0f0d74728e58a867f29fe747cc6eb7b4d3a28ea2cc70b6afd8582 \
    --hash=sha256:4a18d1cb67585952bc9502da6ee428f4c75934c8d3d7c0d03cdd59b82202f2e9 \
    --hash=sha256:552ff0d059ae20b969d2c96a28e6a0e3e810123cb41f6d81673fc3cdb12c9a40 \
    --hash=sha256:6146e0adeef8e10679c3cde3efb2062c4fd00601bbd8b4e1c20c63d73e505b6e \
    --hash=sha256:619a20d7cbe31b0c14f0d474ff5f54d5c1349c3ccfb4133fadc96d6f545d89bb \
    --hash=sha256:6e0df6627ca2652abd175b6da1e4b60877684e67295419287a04ff0ddfb95372 \
    --hash=sha256:7da4ede2392527c122afd36ac717d9a267627901881a38f5d66d214ff68f482e \
    --hash=sha256:93bdb9ca4e85c88b4a5c9a944d353bd7aaec49d7d2779b110137f2a4543ae033 \
    --hash=sha256:ba333bf376883f8feb6ae1adca24ab65b2b8cd68c11be23085510f4707c1471e \
    --hash=sha256:c00d083b55d7fcb5b50683ff5c464fe224d1611d93cd5a6218251caa8c605f23 \
    --hash=sha256:d6f77e8c601319a0d43410939212c46e338628b74f133ac298f0e807a13d5021 \
    --hash=sha256:d7f350f14a946ee572b1087f8916a57a20d0c3105f94aafdd600b5f61cdd2905 \
    --hash=sha256:db4486a73d8131b12c3ac7160d8f5aa7be5408a84f64425ab603078e1bd7b8d0 \
    --hash=sha256:e581c54e29e96b79facbacd6b3bd3a992f6056b43c95a0bfd3551326db09f9ab \
    --hash=sha256:ee176022d4fdbd2acc7a42c3ed604783f79999178967f9061887783bd2057a01 \
    --hash=sha256:f5ceb6fb6122078281ac68c8d59fdcab9575b1cbc0773fd03af31957a46ddc25 \
    --hash=sha256:f6cf7875dab8d77f9e4d46cbf446c0d0e2f35fd8a634ab35fbdc50254d279237
    # via -r cu13-linux-py312.in
cuda-bindings==13.3.1 \
    --hash=sha256:04436a9364059c84b8f9636f359eccda1cf814341f5b670c71d80d2f79dbc708 \
    --hash=sha256:120fcc53d57903df529c3486962c56528cba5b7d6c57c99537320ed9922c8b86 \
    --hash=sha256:18c8c167c8907b8f02531ca810534315c458dabef31f7965095619bf647b9202 \
    --hash=sha256:1ab2f74ed65bfef4163ba07a8db16f1085e0729291db12a2423aff84ee8278b8 \
    --hash=sha256:2732904099e0a4d4db774a5fc6d91ee95fae065b4d2ecabb4968c5fe2406c9d7 \
    --hash=sha256:36febb7c1079d68a981dbbd8d5a67235b399802b82075c9388624719607e52b9 \
    --hash=sha256:507b0e19e7f934c5e30f30f0244ad70a75812619a7d3a0d742543caae1bd50f1 \
    --hash=sha256:61120b5e4f4a63f67efd7e7396914cb9ef871bb1f0021e990fb70277be240a4d \
    --hash=sha256:8de12ef60bf40756852cb62bbb40460609269f6ece522903d1cc93d73a3ececb \
    --hash=sha256:9851b0caa8bfd3bc6fa054eaf57bea7c8e9c3a62db2d2621224677f49f3c53d0 \
    --hash=sha256:9efb21c1ee64981e184b9e0ba5eb3179e5ba3d4b51665a6cb52b8ef3d01a7cbf \
    --hash=sha256:b134dd8c5c66ae4c4ad814f7aee88fd215353c077010cbc47e3b55ed35ec9eff \
    --hash=sha256:c0c4b1a995098c46695c24257a342dc97d6e6d3f3050b944c9f43bd26d734051 \
    --hash=sha256:c3c772dfff49681541d59630c90f858e173ac926b9c593a2b7123f2a1043cc76 \
    --hash=sha256:c5879712accf6e14bb01aa5e67440eb84998b8d104b509cc7a6dc0b8f656a474 \
    --hash=sha256:c7855c4868aabc0cfae28abbe83d56734bdfbd08f08fc234ac1912a12858bf49 \
    --hash=sha256:e32d08f71ebcdf00f0f41eab2eb37e8da94c8ed411cc9f7f7a019ce6b34abe3a \
    --hash=sha256:efd4c814d311ec08c981f6dded1dbe7d4b371067ee4f6c14cccec4bde9590f80
    # via cuda-python
cuda-core==1.0.1 \
    --hash=sha256:1693fae113604cf9c114bfe3da15a15981f9d44ae78ecceb0b23e24c628ad19b \
    --hash=sha256:180bc808166483b0d6658a7c0d3f1312083b220f301de49476c1bc459cc46cf8 \
    --hash=sha256:1934517ff8a9dcd21b3f4a28e15e12643164b7d3ec187a4ee7560e22fd2dfc17 \
    --hash=sha256:1a5c1aa3b738a7599ea289498d038fe625d259fd7ab795394541eee58a8e29bc \
    --hash=sha256:29783ba03d36960b6612b15ff97123e88cfadfb7b1884f3581839f6bfba4b29f \
    --hash=sha256:3effd11283bc46fd06348c2fd18a0941ba7718a6f447343858c944c1a93a6dab \
    --hash=sha256:4410bf1ef15c2ec23dccc302da76893c9354b530dee422e3277b116231bf5fe1 \
    --hash=sha256:46690b0864417a5f2f9a7d10408e2570cbacae195c890a41286701eefb01ba79 \
    --hash=sha256:6816dc020aee6103d8071bc02d8e4e1d91f2b49596f666896d608d92224d79d1 \
    --hash=sha256:95c91d434a9baca066646cefa577227385104670a02fbe8e3defaadda84becf5 \
    --hash=sha256:af2db9e50e81d73e4f0b72ad279d0a9c789372393938fe75c17236b9ed974d7d \
    --hash=sha256:b392178202c652368883dbe3773cee14f3e1ed6b8bf45d1a1bcdd37c73604e06 \
    --hash=sha256:b99e3ca9bf3bd2c7d3028e5dc541b00e432e21373816889cdf2722b675bd9be8 \
    --hash=sha256:be7b65311bf78964b7905adbf3c0f8f717d432f2854dc45169277729bf60f1e2 \
    --hash=sha256:c427e5025096d96fcd5092fdc85d5d5e4ac3dea007914e90472ed52f27220446 \
    --hash=sha256:d9632db74eceb1cd72a7c95b61a5e4cfb9cc2291de0503e170334d936cab3316 \
    --hash=sha256:e0f1324486bb90be6bde28bd0afbaf78a38827948d37f93f90318a01da8a3f8c \
    --hash=sha256:e9b0f115a68f2f84c0f6d9b7e863a29517f6dfe5f7b7d07d1d9da8904754e9a2
    # via cuda-python
cuda-pathfinder==1.6.0 \
    --hash=sha256:1503af579d8379c24bdd65528379bc57039b0455be9f5f9686cf8e473a1fce51
    # via
    #   cuda-bindings
    #   cuda-core
    #   cuda-python
cuda-python==13.3.1 \
    --hash=sha256:280b014139ab447b6dd70a377db1596f310d6e887d9d342e6651b919ec145fb3
    # via
    #   nvidia-cutlass-dsl-libs-base
    #   nvidia-cutlass-dsl-libs-core
    #   nvidia-cutlass-dsl-libs-cu12
    #   nvidia-cutlass-dsl-libs-cu13
numpy==2.5.1 \
    --hash=sha256:08d60c810432eb83360958dea0999ac4cfb94531ea8efcbf0b7f277c2068aeb2 \
    --hash=sha256:09e9bfd8d2cf479c7d174804fb3811c53a8e9f20a37444008606b57d6b7a826d \
    --hash=sha256:0bfebd8695f9863592fe744be833a258120b14a9f39da255e8aa8fade2c0ddd1 \
    --hash=sha256:17a25e09640602e10bc8de0e6fa2b3fd68eedd84ba6d7842dc8f32f9ab87bd0b \
    --hash=sha256:1c6759f538fb912fc46de0a6b1758ccf7b57bc7c7ebebc23974fdac3de8db0cd \
    --hash=sha256:224ca51130ef7da85bea2191625181cb4f337f9cb64b471f10c1a12aa8b60077 \
    --hash=sha256:24d0eb82c0541d3415a33425db64ae439dffccd7b4dbcb30e7c35120205c506a \
    --hash=sha256:2ae0ca40bcb22d6ba59c1dfd5446f49940b0f2d821fde133f10dda11f816b84e \
    --hash=sha256:2c889b56fe48b1018f764b0eec8df59ab654e9148aa91faa12596043500de277 \
    --hash=sha256:30b44a6b53a7ae63c54c089a8726e5563ed302716c5b7ccc85afade40b0e7ff6 \
    --hash=sha256:32985c896d897419ef8da6917872d80b78ad0ea26d85b23245c7366ffde76d75 \
    --hash=sha256:3935f3b419b244a02732676fa5317a9193cc596a4c0646db07e5b421229ac9f7 \
    --hash=sha256:4939237038ada79308dda3204ac6462df056b5672b2e25db1149cf873668b3e1 \
    --hash=sha256:4b4ff1608417eb7a59da7b967bbb798cacfe071d2caf526a24281cd562072ed9 \
    --hash=sha256:54ad769f17bc2d833b620851989f62054fb9ab93c969d9e1dc3c8e3d56beea21 \
    --hash=sha256:59fda5e192b570217ec2580c96f00e9a7e12ef6866a900eb089b62c1a32545ca \
    --hash=sha256:5a4c988b38d261deeeaad9954e3deb091ad905c94e8bb6708654ef1d97f286b0 \
    --hash=sha256:5a6db61f9aaa57e369905c67d852045d3c4f7126405b29d09b19dec118e9c9cb \
    --hash=sha256:6165343f81b56ef8f514f396989e529b61d9dc709b99421b07e9f3e698e2287d \
    --hash=sha256:61ac47e772e6b8ea489e1d2f441a34c5c3ac17327e7ce294cbdf535795ad4e75 \
    --hash=sha256:6c3fe51bc6a16453d452997053454f309e8e0ed7b42d6b361ce4ac8c32913d74 \
    --hash=sha256:6eab239876581b2b3c5a242281b6007bbdbcd1c7085d7709bb57c5929b11e6bf \
    --hash=sha256:78798bd5b9ad744056af8efa90e3b9ddaa53272a0848a483084a1cc0a13b2dc0 \
    --hash=sha256:7c786fe9a5bbe360022e584c5a34cf6b54265c71bd7ec8ac3d8fec38968071f8 \
    --hash=sha256:83ce9c80d5b521b0d77ddcbe5447c218d247929b6cc056ca5351342accfff0af \
    --hash=sha256:9726558e8db4a5bf7929a70ae50f63abda4daf0efe810e3bfbab95976f75fc1a \
    --hash=sha256:99d5095fa265a0c4152e7bb12759e14381ef5496152f1ce58f44bdf55c44beb4 \
    --hash=sha256:a33276be12fa045805f477f22482088b66bb758ffbe89a9d21457de863a32e22 \
    --hash=sha256:a48a113e6afea91f5608793bafa7ef2ad481fefbda87ec5069f483de61cb9fa3 \
    --hash=sha256:ab451b59c5643c570974c43aef780703ef1d3b4965d2be07afd530615a9358d1 \
    --hash=sha256:ab84dc6b074fa881cae55bea94cc4f68e285181ba7f32497bf7dee6b1496165b \
    --hash=sha256:ab87a91b3cc3382b8956095bd8f95e00cf679bb81554339be1a2ba404a1473c1 \
    --hash=sha256:c12afb53450fa976d4c681c50a7423729a4c51c0465ed9f32b8a9cabbc472373 \
    --hash=sha256:caf3e317d33d60c37986b452613f4ab51246d0691350c03d0cb4a898627f4a95 \
    --hash=sha256:dc932a65ded7ce9013d120845a2514dcccb1a67bfc8deb8d37633762951904a6 \
    --hash=sha256:e68d8dd1e7eba712948f2053a29ec86917bc70ba1358df869d9f06649ef9cf09 \
    --hash=sha256:e824c2acf8862052246be5a44c15da1777940c60d010dd2aab897824d9c430f9 \
    --hash=sha256:e8c11c405efc5ff6816d5983c96cdfa215bab3428961243af3ff59b228490438 \
    --hash=sha256:efd736408cc97c79b9e6917338dfc8f06013b2274f992e96b1d9a81a71e2a2c2 \
    --hash=sha256:f089d7b00756190aacf1f5d34bdf38c3c430ac82b4f868f8cede73380460fce7 \
    --hash=sha256:f2479a47f8d5932d1718168a681ad6e536a9df484c83cfcf9de365e164537ace \
    --hash=sha256:f7119ebff1a9829e9f431a4f9d28e703023bb6b9fe7c8f724467dbfc27c94ab3 \
    --hash=sha256:f7d60026c0bdb1380e83bfa7a0419c4577ee4b9a08880afcb6dadeb74c649fa2 \
    --hash=sha256:f7feb014281029e628ba2d5a007407443b06e418b6fe451d1e2adcbc8eba0107
    # via
    #   cuda-core
    #   nvidia-cutlass-dsl-libs-base
    #   nvidia-cutlass-dsl-libs-core
    #   nvidia-cutlass-dsl-libs-cu12
    #   nvidia-cutlass-dsl-libs-cu13
nvidia-cuda-nvdisasm==13.3.73 \
    --hash=sha256:da2fab133c3d095d83f13587eb87149beabd199b34a3cc270d0aa99449a628c3 \
    --hash=sha256:dd4751884f9016b9b6dbf007abdeb5681d0a2edc731dd3d2fda9d6d878e88f73 \
    --hash=sha256:fa17084b07c0dca68a42892f771b4b1b40fbe9b91660209623e61cea611cae8c
    # via
    #   nvidia-cutlass-dsl-libs-base
    #   nvidia-cutlass-dsl-libs-core
    #   nvidia-cutlass-dsl-libs-cu12
    #   nvidia-cutlass-dsl-libs-cu13
nvidia-cutlass-dsl==4.7.0 \
    --hash=sha256:f96e35c1393a8afa9a20cada1aa08fdca16d673852f3274144e3e81693f13a14
    # via -r cu13-linux-py312.in
nvidia-cutlass-dsl-libs-base==4.7.0 \
    --hash=sha256:054378a9da0ffd57613d9324ce08ea2aa6e3512ab4700241da283e99124f8fa7 \
    --hash=sha256:0ee3ca427a43bd3190fc4ac06fba15fa7a923241a1cc928d3e2b4a6f480dbd39 \
    --hash=sha256:17f9a1cc8488a2c57082c927e3571b1d15db522fffd8bd2f9351c9aaba58c89e \
    --hash=sha256:44f7c640e6428eca16cbe9e3ebfdeee8f12fa4157431fb97f7a2cbec397724a9 \
    --hash=sha256:56ae89554d87cfabc8330c0b087111261f4dceb0b70720b01dfff03c916f3084 \
    --hash=sha256:5c9ffa3b767de3f0987018de8a438fa0344cbac41f6d2e7e85a3f9c09c1fb194 \
    --hash=sha256:8db6bad9073888b647f41364a9c8bd0df6ad242ca80ff73995e2f0211ac64500 \
    --hash=sha256:9a22aea60e549aa25148bc7d570e526161b2e99031b390cf12b16d7938bc95b4 \
    --hash=sha256:bfefdd551212e10716f5a902be8437ae80644558f0d20a7ccfa990373e96c739 \
    --hash=sha256:c8dfdce6e55cd856fd3ace47b881c41e8f71fbed396ccdeb7870d19356f16af7 \
    --hash=sha256:f412d50169c0a727f1a08a9bb9ca6b6ae6a65f5056c2d432872ec9d0b09f0adc \
    --hash=sha256:fec0237562c5ad6e0cd1c66ac29b80058374a2e6ecc01923b901a6147d449c78
    # via
    #   nvidia-cutlass-dsl
    #   nvidia-cutlass-dsl-libs-cu12
    #   nvidia-cutlass-dsl-libs-cu13
nvidia-cutlass-dsl-libs-core==4.7.0 \
    --hash=sha256:3c6a128ce314aca3f332eabcb0e55a2c4c3aa951e336584a7aeb2b013bed4474
    # via nvidia-cutlass-dsl-libs-base
nvidia-cutlass-dsl-libs-cu12==4.7.0 \
    --hash=sha256:1f77cef6ef88adfe59bba6b810d7a5b79863b64cfc84b9f1a9ad025d8fda2f51 \
    --hash=sha256:2b90bdcbaa8a914b01e2afd4ef01dedf4e74f27b8a411447b1bcddece0f23510 \
    --hash=sha256:3c697d4ceb62e84b00f98b7e3d46228abda65a7f4b5e59ec2a698e7bc87c82ba \
    --hash=sha256:4507c99cac4a795e9270c24d6be117e70486f59de3ca11d9270a9dfb6c946d44 \
    --hash=sha256:ad698f66000f81f81175d2bbbe617d7c880d542a91666b48e78e30c559e03fd7 \
    --hash=sha256:b5a66a8442093779a2747c43a4b5c73a35473c61299377fdc790ab45599c88df \
    --hash=sha256:c731aa342be7643ab2c66e2cd8baabcc8611316c5e8f40ffb3f54e37997620c1 \
    --hash=sha256:df615c5e4cbc290fe19175d3307e5d49c10b5f52a95d6f35c56bf8f3a977da9d \
    --hash=sha256:eaf85bd605f41f968c483dcee1ae9e13ffd765b623f976869401f77e7255b5e1 \
    --hash=sha256:eb88f7d19727df3d789e757db2b386f8b52baf82d3eb3c0c51f61e80834f5e87 \
    --hash=sha256:ebb54d2fbc4542899d7c13030844fe53117d988bb1243d6962fd4ca9c06ee098 \
    --hash=sha256:eed15b7876a87ddc243dc829022798091382badeb3f67045cd457edc3d718386
    # via nvidia-cutlass-dsl
nvidia-cutlass-dsl-libs-cu13==4.7.0 \
    --hash=sha256:39c51e3a224c56f14eaef19a71b72af03494e68dc9f1e20d9a39456d175b79fe \
    --hash=sha256:4b010848e36c4c54b254d29673b31ba3b25c4fbaafa5708b9136a9b452c107b0 \
    --hash=sha256:5360b4b5d4afa4edd52794220f836e09cec850c7102707e200f3db7377fea461 \
    --hash=sha256:66dda9dd19729836b919174bb33d70aef895d785f3320dafceca695513408cef \
    --hash=sha256:6c9af7f7409a95f8417e3fbe154326e68740230ea61bcbdf11601f5f5e048417 \
    --hash=sha256:7a2f582f48fea0bc72abf3939fba0527bfbc42368931bde8d68a0996e984954f \
    --hash=sha256:85d9af8d747a34092433788ebd22d29fa4c8816da7a4e61fc73fe477d00e5686 \
    --hash=sha256:9451ad7ce81ba35ba59a46cb1af926c08fe5f8a4535f94728b1ec61a22fdd147 \
    --hash=sha256:b037afbba54ba3a1d96502ea70048bee57ab598c63df5158ebc9f0d5b1c0790a \
    --hash=sha256:b881048bdf00a8d5239638e48fcb6d36c502ba678bcbf71a73a557590edc2dcf \
    --hash=sha256:c831f65faf0b2838b8630f195b989d33cefc97b700a578691e5b3a9efbfd0fbb \
    --hash=sha256:c9d5d78855baccc91749a9c8182e9ddfe4f4fe106550d854f44e816b57204fcd
    # via nvidia-cutlass-dsl
protobuf==6.33.6 \
    --hash=sha256:0cd27b587afca21b7cfa59a74dcbd48a50f0a6400cfb59391340ad729d91d326 \
    --hash=sha256:77179e006c476e69bf8e8ce866640091ec42e1beb80b213c3900006ecfba6901 \
    --hash=sha256:7d29d9b65f8afef196f8334e80d6bc1d5d4adedb449971fefd3723824e6e77d3 \
    --hash=sha256:9720e6961b251bde64edfdab7d500725a2af5280f3f4c87e57c0208376aa8c3a \
    --hash=sha256:a6768d25248312c297558af96a9f9c929e8c4cee0659cb07e780731095f38135 \
    --hash=sha256:bd56799fb262994b2c2faa1799693c95cc2e22c62f56fb43af311cae45d26f0e \
    --hash=sha256:c96c37eec15086b79762ed265d59ab204dabc53056e3443e702d2681f4b39ce3 \
    --hash=sha256:e2afbae9b8e1825e3529f88d514754e094278bb95eadc0e199751cdd9a2e82a2 \
    --hash=sha256:e9db7e292e0ab79dd108d7f1a94fe31601ce1ee3f7b79e0692043423020b0593 \
    --hash=sha256:f443a394af5ed23672bc6c486be138628fbe5c651ccbc536873d7da23d1868cf
    # via
    #   nvidia-cutlass-dsl-libs-base
    #   nvidia-cutlass-dsl-libs-core
    #   nvidia-cutlass-dsl-libs-cu12
    #   nvidia-cutlass-dsl-libs-cu13
typing-extensions==4.16.0 \
    --hash=sha256:481caa481374e813c1b176ada14e97f1f67a4539ce9cfeb3f350d78d6370c2e8 \
    --hash=sha256:dc983d19a509c94dba722ee6abd33940f7c05a89e243c47e907eb4db6f1a43e5
    # via
    #   apache-tvm-ffi
    #   nvidia-cutlass-dsl-libs-base
    #   nvidia-cutlass-dsl-libs-core
    #   nvidia-cutlass-dsl-libs-cu12
    #   nvidia-cutlass-dsl-libs-cu13
